// !$*UTF8*$!
{
	archiveVersion = 1;
	classes = {
	};
	objectVersion = 55;
	objects = {

/* Begin PBXBuildFile section */
		36F1BED2EA93B720F48F19A7 /* Pods_VeryCreativesTaskTests.framework in Frameworks */ = {isa = PBXBuildFile; fileRef = D673C708BBDF12254A4F6DA9 /* Pods_VeryCreativesTaskTests.framework */; };
		7C63A55C280B5CAC001C3D6B /* MovieDataManagedObject+CoreDataClass.swift in Sources */ = {isa = PBXBuildFile; fileRef = 7C63A55A280B5CAC001C3D6B /* MovieDataManagedObject+CoreDataClass.swift */; };
		7C63A55D280B5CAC001C3D6B /* MovieDataManagedObject+CoreDataProperties.swift in Sources */ = {isa = PBXBuildFile; fileRef = 7C63A55B280B5CAC001C3D6B /* MovieDataManagedObject+CoreDataProperties.swift */; };
		7C63A562280C862B001C3D6B /* NetworkTests.swift in Sources */ = {isa = PBXBuildFile; fileRef = 7C63A561280C862B001C3D6B /* NetworkTests.swift */; };
		7C63A564280C8F2C001C3D6B /* CoreDataTests.swift in Sources */ = {isa = PBXBuildFile; fileRef = 7C63A563280C8F2C001C3D6B /* CoreDataTests.swift */; };
		7C63A569280C9794001C3D6B /* Localizable.strings in Resources */ = {isa = PBXBuildFile; fileRef = 7C63A56B280C9794001C3D6B /* Localizable.strings */; };
		7C63A576280CAF51001C3D6B /* LocalizationSystem.swift in Sources */ = {isa = PBXBuildFile; fileRef = 7C63A575280CAF51001C3D6B /* LocalizationSystem.swift */; };
		7C63A579280DA2F2001C3D6B /* DetailsPresenterTests.swift in Sources */ = {isa = PBXBuildFile; fileRef = 7C63A578280DA2F2001C3D6B /* DetailsPresenterTests.swift */; };
		7C79A2B9280DB31400B9B7AA /* MockNetworkRepository.swift in Sources */ = {isa = PBXBuildFile; fileRef = 7C79A2B8280DB31400B9B7AA /* MockNetworkRepository.swift */; };
		7C79A2BB280DB52400B9B7AA /* MockNetworkManager.swift in Sources */ = {isa = PBXBuildFile; fileRef = 7C79A2BA280DB52400B9B7AA /* MockNetworkManager.swift */; };
		7C79A2BD280DB5DF00B9B7AA /* NetworkService.swift in Sources */ = {isa = PBXBuildFile; fileRef = 7C79A2BC280DB5DF00B9B7AA /* NetworkService.swift */; };
		7C79A2C2280DC19800B9B7AA /* MockNetworkTests.swift in Sources */ = {isa = PBXBuildFile; fileRef = 7C79A2C1280DC19800B9B7AA /* MockNetworkTests.swift */; };
		7C79A2C6280DC43A00B9B7AA /* MockCoreDataManager.swift in Sources */ = {isa = PBXBuildFile; fileRef = 7C79A2C5280DC43A00B9B7AA /* MockCoreDataManager.swift */; };
		7CBE0AEA2808B59E0098B205 /* AppDelegate.swift in Sources */ = {isa = PBXBuildFile; fileRef = 7CBE0AE92808B59E0098B205 /* AppDelegate.swift */; };
		7CBE0AEC2808B59E0098B205 /* SceneDelegate.swift in Sources */ = {isa = PBXBuildFile; fileRef = 7CBE0AEB2808B59E0098B205 /* SceneDelegate.swift */; };
		7CBE0AF32808B5A00098B205 /* Assets.xcassets in Resources */ = {isa = PBXBuildFile; fileRef = 7CBE0AF22808B5A00098B205 /* Assets.xcassets */; };
		7CBE0AF62808B5A00098B205 /* LaunchScreen.storyboard in Resources */ = {isa = PBXBuildFile; fileRef = 7CBE0AF42808B5A00098B205 /* LaunchScreen.storyboard */; };
		7CBE0B0B2808B5A00098B205 /* VeryCreativesTaskUITests.swift in Sources */ = {isa = PBXBuildFile; fileRef = 7CBE0B0A2808B5A00098B205 /* VeryCreativesTaskUITests.swift */; };
		7CBE0B0D2808B5A00098B205 /* VeryCreativesTaskUITestsLaunchTests.swift in Sources */ = {isa = PBXBuildFile; fileRef = 7CBE0B0C2808B5A00098B205 /* VeryCreativesTaskUITestsLaunchTests.swift */; };
		7CBE0B462808B79A0098B205 /* Constants.swift in Sources */ = {isa = PBXBuildFile; fileRef = 7CBE0B1E2808B79A0098B205 /* Constants.swift */; };
		7CBE0B472808B79A0098B205 /* Reachability.swift in Sources */ = {isa = PBXBuildFile; fileRef = 7CBE0B1F2808B79A0098B205 /* Reachability.swift */; };
		7CBE0B482808B79A0098B205 /* HomePresenter.swift in Sources */ = {isa = PBXBuildFile; fileRef = 7CBE0B242808B79A0098B205 /* HomePresenter.swift */; };
		7CBE0B492808B79A0098B205 /* HomeViewController.swift in Sources */ = {isa = PBXBuildFile; fileRef = 7CBE0B262808B79A0098B205 /* HomeViewController.swift */; };
		7CBE0B4A2808B79A0098B205 /* MovieCollectionViewCell.swift in Sources */ = {isa = PBXBuildFile; fileRef = 7CBE0B282808B79A0098B205 /* MovieCollectionViewCell.swift */; };
		7CBE0B4B2808B79A0098B205 /* MovieCollectionViewCell.xib in Resources */ = {isa = PBXBuildFile; fileRef = 7CBE0B292808B79A0098B205 /* MovieCollectionViewCell.xib */; };
		7CBE0B4C2808B79A0098B205 /* FavoritesPresenter.swift in Sources */ = {isa = PBXBuildFile; fileRef = 7CBE0B2C2808B79A0098B205 /* FavoritesPresenter.swift */; };
		7CBE0B4D2808B79A0098B205 /* FavoritesViewController.swift in Sources */ = {isa = PBXBuildFile; fileRef = 7CBE0B2E2808B79A0098B205 /* FavoritesViewController.swift */; };
		7CBE0B4E2808B79A0098B205 /* FavoriteMovieTableViewCell.xib in Resources */ = {isa = PBXBuildFile; fileRef = 7CBE0B302808B79A0098B205 /* FavoriteMovieTableViewCell.xib */; };
		7CBE0B4F2808B79A0098B205 /* FavoriteMovieTableViewCell.swift in Sources */ = {isa = PBXBuildFile; fileRef = 7CBE0B312808B79A0098B205 /* FavoriteMovieTableViewCell.swift */; };
		7CBE0B502808B79A0098B205 /* Main.storyboard in Resources */ = {isa = PBXBuildFile; fileRef = 7CBE0B322808B79A0098B205 /* Main.storyboard */; };
		7CBE0B512808B79A0098B205 /* CoreDataManager.swift in Sources */ = {isa = PBXBuildFile; fileRef = 7CBE0B392808B79A0098B205 /* CoreDataManager.swift */; };
		7CBE0B522808B79A0098B205 /* DatabaseProtocol.swift in Sources */ = {isa = PBXBuildFile; fileRef = 7CBE0B3A2808B79A0098B205 /* DatabaseProtocol.swift */; };
		7CBE0B562808B79A0098B205 /* NetworkRouter.swift in Sources */ = {isa = PBXBuildFile; fileRef = 7CBE0B412808B79A0098B205 /* NetworkRouter.swift */; };
		7CBE0B572808B79A0098B205 /* NetworkManager.swift in Sources */ = {isa = PBXBuildFile; fileRef = 7CBE0B422808B79A0098B205 /* NetworkManager.swift */; };
		7CBE0B582808B79A0098B205 /* MovieResponse.swift in Sources */ = {isa = PBXBuildFile; fileRef = 7CBE0B442808B79A0098B205 /* MovieResponse.swift */; };
		7CBE0B5F2808BA560098B205 /* NavigationRoute.swift in Sources */ = {isa = PBXBuildFile; fileRef = 7CBE0B5A2808BA560098B205 /* NavigationRoute.swift */; };
		7CBE0B622808BA560098B205 /* Route.swift in Sources */ = {isa = PBXBuildFile; fileRef = 7CBE0B5E2808BA560098B205 /* Route.swift */; };
		7CBE0B652808C7160098B205 /* MovieDetailsViewController.swift in Sources */ = {isa = PBXBuildFile; fileRef = 7CBE0B632808C7160098B205 /* MovieDetailsViewController.swift */; };
		7CBE0B662808C7160098B205 /* MovieDetailsViewController.xib in Resources */ = {isa = PBXBuildFile; fileRef = 7CBE0B642808C7160098B205 /* MovieDetailsViewController.xib */; };
		7CBE0B682808C7200098B205 /* MovieDetailsPresenter.swift in Sources */ = {isa = PBXBuildFile; fileRef = 7CBE0B672808C7200098B205 /* MovieDetailsPresenter.swift */; };
		7CF1B7EA2809E71800AE14AC /* Model.xcdatamodeld in Sources */ = {isa = PBXBuildFile; fileRef = 7CF1B7E82809E71800AE14AC /* Model.xcdatamodeld */; };
		7CF1B7EC2809E75300AE14AC /* MovieType.swift in Sources */ = {isa = PBXBuildFile; fileRef = 7CF1B7EB2809E75300AE14AC /* MovieType.swift */; };
		7CF1B7F82809F83E00AE14AC /* HomeNavigationRoutes.swift in Sources */ = {isa = PBXBuildFile; fileRef = 7CF1B7F72809F83E00AE14AC /* HomeNavigationRoutes.swift */; };
		7CF1B802280A1C6200AE14AC /* FavoritesNavigationRoutes.swift in Sources */ = {isa = PBXBuildFile; fileRef = 7CF1B801280A1C6200AE14AC /* FavoritesNavigationRoutes.swift */; };
		7CF1B806280A25D000AE14AC /* NetworkRepository.swift in Sources */ = {isa = PBXBuildFile; fileRef = 7CF1B805280A25D000AE14AC /* NetworkRepository.swift */; };
		7CF1B809280A340400AE14AC /* UIColor+Extensions.swift in Sources */ = {isa = PBXBuildFile; fileRef = 7CF1B808280A340400AE14AC /* UIColor+Extensions.swift */; };
		C3498A766B58D4D40FDD7CF6 /* Pods_VeryCreativesTask.framework in Frameworks */ = {isa = PBXBuildFile; fileRef = 512D32FCB7768F554A8BFB11 /* Pods_VeryCreativesTask.framework */; };
		DC853DDDAF4180F7070C4DF0 /* Pods_VeryCreativesTask_VeryCreativesTaskUITests.framework in Frameworks */ = {isa = PBXBuildFile; fileRef = 673AFF44CF156A5D68C1A5CB /* Pods_VeryCreativesTask_VeryCreativesTaskUITests.framework */; };
/* End PBXBuildFile section */

/* Begin PBXContainerItemProxy section */
		7CBE0AFD2808B5A00098B205 /* PBXContainerItemProxy */ = {
			isa = PBXContainerItemProxy;
			containerPortal = 7CBE0ADE2808B59E0098B205 /* Project object */;
			proxyType = 1;
			remoteGlobalIDString = 7CBE0AE52808B59E0098B205;
			remoteInfo = VeryCreativesTask;
		};
		7CBE0B072808B5A00098B205 /* PBXContainerItemProxy */ = {
			isa = PBXContainerItemProxy;
			containerPortal = 7CBE0ADE2808B59E0098B205 /* Project object */;
			proxyType = 1;
			remoteGlobalIDString = 7CBE0AE52808B59E0098B205;
			remoteInfo = VeryCreativesTask;
		};
/* End PBXContainerItemProxy section */

/* Begin PBXFileReference section */
		22B4BF9B2A6BD9E530D4F4BD /* Pods-VeryCreativesTask.debug.xcconfig */ = {isa = PBXFileReference; includeInIndex = 1; lastKnownFileType = text.xcconfig; name = "Pods-VeryCreativesTask.debug.xcconfig"; path = "Target Support Files/Pods-VeryCreativesTask/Pods-VeryCreativesTask.debug.xcconfig"; sourceTree = "<group>"; };
		25F69F82ECDD91021FBD3919 /* Pods-VeryCreativesTaskTests.release.xcconfig */ = {isa = PBXFileReference; includeInIndex = 1; lastKnownFileType = text.xcconfig; name = "Pods-VeryCreativesTaskTests.release.xcconfig"; path = "Target Support Files/Pods-VeryCreativesTaskTests/Pods-VeryCreativesTaskTests.release.xcconfig"; sourceTree = "<group>"; };
		3FD1C2B97E88DE250010DE36 /* Pods-VeryCreativesTask-VeryCreativesTaskUITests.release.xcconfig */ = {isa = PBXFileReference; includeInIndex = 1; lastKnownFileType = text.xcconfig; name = "Pods-VeryCreativesTask-VeryCreativesTaskUITests.release.xcconfig"; path = "Target Support Files/Pods-VeryCreativesTask-VeryCreativesTaskUITests/Pods-VeryCreativesTask-VeryCreativesTaskUITests.release.xcconfig"; sourceTree = "<group>"; };
		512D32FCB7768F554A8BFB11 /* Pods_VeryCreativesTask.framework */ = {isa = PBXFileReference; explicitFileType = wrapper.framework; includeInIndex = 0; path = Pods_VeryCreativesTask.framework; sourceTree = BUILT_PRODUCTS_DIR; };
		673AFF44CF156A5D68C1A5CB /* Pods_VeryCreativesTask_VeryCreativesTaskUITests.framework */ = {isa = PBXFileReference; explicitFileType = wrapper.framework; includeInIndex = 0; path = Pods_VeryCreativesTask_VeryCreativesTaskUITests.framework; sourceTree = BUILT_PRODUCTS_DIR; };
		7C63A55A280B5CAC001C3D6B /* MovieDataManagedObject+CoreDataClass.swift */ = {isa = PBXFileReference; lastKnownFileType = sourcecode.swift; path = "MovieDataManagedObject+CoreDataClass.swift"; sourceTree = "<group>"; };
		7C63A55B280B5CAC001C3D6B /* MovieDataManagedObject+CoreDataProperties.swift */ = {isa = PBXFileReference; lastKnownFileType = sourcecode.swift; path = "MovieDataManagedObject+CoreDataProperties.swift"; sourceTree = "<group>"; };
		7C63A561280C862B001C3D6B /* NetworkTests.swift */ = {isa = PBXFileReference; lastKnownFileType = sourcecode.swift; path = NetworkTests.swift; sourceTree = "<group>"; };
		7C63A563280C8F2C001C3D6B /* CoreDataTests.swift */ = {isa = PBXFileReference; lastKnownFileType = sourcecode.swift; path = CoreDataTests.swift; sourceTree = "<group>"; };
		7C63A565280C9746001C3D6B /* ar */ = {isa = PBXFileReference; lastKnownFileType = text.plist.strings; name = ar; path = ar.lproj/Main.strings; sourceTree = "<group>"; };
		7C63A566280C9746001C3D6B /* ar */ = {isa = PBXFileReference; lastKnownFileType = text.plist.strings; name = ar; path = ar.lproj/LaunchScreen.strings; sourceTree = "<group>"; };
		7C63A56A280C9794001C3D6B /* ar */ = {isa = PBXFileReference; lastKnownFileType = text.plist.strings; name = ar; path = ar.lproj/Localizable.strings; sourceTree = "<group>"; };
		7C63A56C280C979D001C3D6B /* en */ = {isa = PBXFileReference; lastKnownFileType = text.plist.strings; name = en; path = en.lproj/Localizable.strings; sourceTree = "<group>"; };
		7C63A575280CAF51001C3D6B /* LocalizationSystem.swift */ = {isa = PBXFileReference; lastKnownFileType = sourcecode.swift; path = LocalizationSystem.swift; sourceTree = "<group>"; };
		7C63A578280DA2F2001C3D6B /* DetailsPresenterTests.swift */ = {isa = PBXFileReference; lastKnownFileType = sourcecode.swift; path = DetailsPresenterTests.swift; sourceTree = "<group>"; };
		7C79A2B8280DB31400B9B7AA /* MockNetworkRepository.swift */ = {isa = PBXFileReference; lastKnownFileType = sourcecode.swift; path = MockNetworkRepository.swift; sourceTree = "<group>"; };
		7C79A2BA280DB52400B9B7AA /* MockNetworkManager.swift */ = {isa = PBXFileReference; lastKnownFileType = sourcecode.swift; path = MockNetworkManager.swift; sourceTree = "<group>"; };
		7C79A2BC280DB5DF00B9B7AA /* NetworkService.swift */ = {isa = PBXFileReference; lastKnownFileType = sourcecode.swift; path = NetworkService.swift; sourceTree = "<group>"; };
		7C79A2C1280DC19800B9B7AA /* MockNetworkTests.swift */ = {isa = PBXFileReference; lastKnownFileType = sourcecode.swift; path = MockNetworkTests.swift; sourceTree = "<group>"; };
		7C79A2C5280DC43A00B9B7AA /* MockCoreDataManager.swift */ = {isa = PBXFileReference; lastKnownFileType = sourcecode.swift; path = MockCoreDataManager.swift; sourceTree = "<group>"; };
		7CBE0AE62808B59E0098B205 /* VeryCreativesTask.app */ = {isa = PBXFileReference; explicitFileType = wrapper.application; includeInIndex = 0; path = VeryCreativesTask.app; sourceTree = BUILT_PRODUCTS_DIR; };
		7CBE0AE92808B59E0098B205 /* AppDelegate.swift */ = {isa = PBXFileReference; lastKnownFileType = sourcecode.swift; path = AppDelegate.swift; sourceTree = "<group>"; };
		7CBE0AEB2808B59E0098B205 /* SceneDelegate.swift */ = {isa = PBXFileReference; lastKnownFileType = sourcecode.swift; path = SceneDelegate.swift; sourceTree = "<group>"; };
		7CBE0AF22808B5A00098B205 /* Assets.xcassets */ = {isa = PBXFileReference; lastKnownFileType = folder.assetcatalog; path = Assets.xcassets; sourceTree = "<group>"; };
		7CBE0AF52808B5A00098B205 /* Base */ = {isa = PBXFileReference; lastKnownFileType = file.storyboard; name = Base; path = Base.lproj/LaunchScreen.storyboard; sourceTree = "<group>"; };
		7CBE0AF72808B5A00098B205 /* Info.plist */ = {isa = PBXFileReference; lastKnownFileType = text.plist.xml; path = Info.plist; sourceTree = "<group>"; };
		7CBE0AFC2808B5A00098B205 /* VeryCreativesTaskTests.xctest */ = {isa = PBXFileReference; explicitFileType = wrapper.cfbundle; includeInIndex = 0; path = VeryCreativesTaskTests.xctest; sourceTree = BUILT_PRODUCTS_DIR; };
		7CBE0B062808B5A00098B205 /* VeryCreativesTaskUITests.xctest */ = {isa = PBXFileReference; explicitFileType = wrapper.cfbundle; includeInIndex = 0; path = VeryCreativesTaskUITests.xctest; sourceTree = BUILT_PRODUCTS_DIR; };
		7CBE0B0A2808B5A00098B205 /* VeryCreativesTaskUITests.swift */ = {isa = PBXFileReference; lastKnownFileType = sourcecode.swift; path = VeryCreativesTaskUITests.swift; sourceTree = "<group>"; };
		7CBE0B0C2808B5A00098B205 /* VeryCreativesTaskUITestsLaunchTests.swift */ = {isa = PBXFileReference; lastKnownFileType = sourcecode.swift; path = VeryCreativesTaskUITestsLaunchTests.swift; sourceTree = "<group>"; };
		7CBE0B1E2808B79A0098B205 /* Constants.swift */ = {isa = PBXFileReference; fileEncoding = 4; lastKnownFileType = sourcecode.swift; path = Constants.swift; sourceTree = "<group>"; };
		7CBE0B1F2808B79A0098B205 /* Reachability.swift */ = {isa = PBXFileReference; fileEncoding = 4; lastKnownFileType = sourcecode.swift; path = Reachability.swift; sourceTree = "<group>"; };
		7CBE0B242808B79A0098B205 /* HomePresenter.swift */ = {isa = PBXFileReference; fileEncoding = 4; lastKnownFileType = sourcecode.swift; path = HomePresenter.swift; sourceTree = "<group>"; };
		7CBE0B262808B79A0098B205 /* HomeViewController.swift */ = {isa = PBXFileReference; fileEncoding = 4; lastKnownFileType = sourcecode.swift; path = HomeViewController.swift; sourceTree = "<group>"; };
		7CBE0B282808B79A0098B205 /* MovieCollectionViewCell.swift */ = {isa = PBXFileReference; fileEncoding = 4; lastKnownFileType = sourcecode.swift; path = MovieCollectionViewCell.swift; sourceTree = "<group>"; };
		7CBE0B292808B79A0098B205 /* MovieCollectionViewCell.xib */ = {isa = PBXFileReference; fileEncoding = 4; lastKnownFileType = file.xib; path = MovieCollectionViewCell.xib; sourceTree = "<group>"; };
		7CBE0B2C2808B79A0098B205 /* FavoritesPresenter.swift */ = {isa = PBXFileReference; fileEncoding = 4; lastKnownFileType = sourcecode.swift; path = FavoritesPresenter.swift; sourceTree = "<group>"; };
		7CBE0B2E2808B79A0098B205 /* FavoritesViewController.swift */ = {isa = PBXFileReference; fileEncoding = 4; lastKnownFileType = sourcecode.swift; path = FavoritesViewController.swift; sourceTree = "<group>"; };
		7CBE0B302808B79A0098B205 /* FavoriteMovieTableViewCell.xib */ = {isa = PBXFileReference; fileEncoding = 4; lastKnownFileType = file.xib; path = FavoriteMovieTableViewCell.xib; sourceTree = "<group>"; };
		7CBE0B312808B79A0098B205 /* FavoriteMovieTableViewCell.swift */ = {isa = PBXFileReference; fileEncoding = 4; lastKnownFileType = sourcecode.swift; path = FavoriteMovieTableViewCell.swift; sourceTree = "<group>"; };
		7CBE0B332808B79A0098B205 /* Base */ = {isa = PBXFileReference; lastKnownFileType = file.storyboard; name = Base; path = Base.lproj/Main.storyboard; sourceTree = "<group>"; };
		7CBE0B392808B79A0098B205 /* CoreDataManager.swift */ = {isa = PBXFileReference; fileEncoding = 4; lastKnownFileType = sourcecode.swift; path = CoreDataManager.swift; sourceTree = "<group>"; };
		7CBE0B3A2808B79A0098B205 /* DatabaseProtocol.swift */ = {isa = PBXFileReference; fileEncoding = 4; lastKnownFileType = sourcecode.swift; path = DatabaseProtocol.swift; sourceTree = "<group>"; };
		7CBE0B412808B79A0098B205 /* NetworkRouter.swift */ = {isa = PBXFileReference; fileEncoding = 4; lastKnownFileType = sourcecode.swift; path = NetworkRouter.swift; sourceTree = "<group>"; };
		7CBE0B422808B79A0098B205 /* NetworkManager.swift */ = {isa = PBXFileReference; fileEncoding = 4; lastKnownFileType = sourcecode.swift; path = NetworkManager.swift; sourceTree = "<group>"; };
		7CBE0B442808B79A0098B205 /* MovieResponse.swift */ = {isa = PBXFileReference; fileEncoding = 4; lastKnownFileType = sourcecode.swift; path = MovieResponse.swift; sourceTree = "<group>"; };
		7CBE0B5A2808BA560098B205 /* NavigationRoute.swift */ = {isa = PBXFileReference; fileEncoding = 4; lastKnownFileType = sourcecode.swift; path = NavigationRoute.swift; sourceTree = "<group>"; };
		7CBE0B5E2808BA560098B205 /* Route.swift */ = {isa = PBXFileReference; fileEncoding = 4; lastKnownFileType = sourcecode.swift; path = Route.swift; sourceTree = "<group>"; };
		7CBE0B632808C7160098B205 /* MovieDetailsViewController.swift */ = {isa = PBXFileReference; lastKnownFileType = sourcecode.swift; path = MovieDetailsViewController.swift; sourceTree = "<group>"; };
		7CBE0B642808C7160098B205 /* MovieDetailsViewController.xib */ = {isa = PBXFileReference; lastKnownFileType = file.xib; path = MovieDetailsViewController.xib; sourceTree = "<group>"; };
		7CBE0B672808C7200098B205 /* MovieDetailsPresenter.swift */ = {isa = PBXFileReference; lastKnownFileType = sourcecode.swift; path = MovieDetailsPresenter.swift; sourceTree = "<group>"; };
		7CF1B7E92809E71800AE14AC /* Model.xcdatamodel */ = {isa = PBXFileReference; lastKnownFileType = wrapper.xcdatamodel; path = Model.xcdatamodel; sourceTree = "<group>"; };
		7CF1B7EB2809E75300AE14AC /* MovieType.swift */ = {isa = PBXFileReference; lastKnownFileType = sourcecode.swift; path = MovieType.swift; sourceTree = "<group>"; };
		7CF1B7F72809F83E00AE14AC /* HomeNavigationRoutes.swift */ = {isa = PBXFileReference; fileEncoding = 4; lastKnownFileType = sourcecode.swift; path = HomeNavigationRoutes.swift; sourceTree = "<group>"; };
		7CF1B801280A1C6200AE14AC /* FavoritesNavigationRoutes.swift */ = {isa = PBXFileReference; lastKnownFileType = sourcecode.swift; path = FavoritesNavigationRoutes.swift; sourceTree = "<group>"; };
		7CF1B805280A25D000AE14AC /* NetworkRepository.swift */ = {isa = PBXFileReference; lastKnownFileType = sourcecode.swift; path = NetworkRepository.swift; sourceTree = "<group>"; };
		7CF1B808280A340400AE14AC /* UIColor+Extensions.swift */ = {isa = PBXFileReference; lastKnownFileType = sourcecode.swift; path = "UIColor+Extensions.swift"; sourceTree = "<group>"; };
		B6EBEA2615F8C64503BDD3AB /* Pods-VeryCreativesTaskTests.debug.xcconfig */ = {isa = PBXFileReference; includeInIndex = 1; lastKnownFileType = text.xcconfig; name = "Pods-VeryCreativesTaskTests.debug.xcconfig"; path = "Target Support Files/Pods-VeryCreativesTaskTests/Pods-VeryCreativesTaskTests.debug.xcconfig"; sourceTree = "<group>"; };
		B9402075BE203A669A9D45D9 /* Pods-VeryCreativesTask.release.xcconfig */ = {isa = PBXFileReference; includeInIndex = 1; lastKnownFileType = text.xcconfig; name = "Pods-VeryCreativesTask.release.xcconfig"; path = "Target Support Files/Pods-VeryCreativesTask/Pods-VeryCreativesTask.release.xcconfig"; sourceTree = "<group>"; };
		D673C708BBDF12254A4F6DA9 /* Pods_VeryCreativesTaskTests.framework */ = {isa = PBXFileReference; explicitFileType = wrapper.framework; includeInIndex = 0; path = Pods_VeryCreativesTaskTests.framework; sourceTree = BUILT_PRODUCTS_DIR; };
		E4349DFB2C0AD97A99386BDB /* Pods-VeryCreativesTask-VeryCreativesTaskUITests.debug.xcconfig */ = {isa = PBXFileReference; includeInIndex = 1; lastKnownFileType = text.xcconfig; name = "Pods-VeryCreativesTask-VeryCreativesTaskUITests.debug.xcconfig"; path = "Target Support Files/Pods-VeryCreativesTask-VeryCreativesTaskUITests/Pods-VeryCreativesTask-VeryCreativesTaskUITests.debug.xcconfig"; sourceTree = "<group>"; };
/* End PBXFileReference section */

/* Begin PBXFrameworksBuildPhase section */
		7CBE0AE32808B59E0098B205 /* Frameworks */ = {
			isa = PBXFrameworksBuildPhase;
			buildActionMask = 2147483647;
			files = (
				C3498A766B58D4D40FDD7CF6 /* Pods_VeryCreativesTask.framework in Frameworks */,
			);
			runOnlyForDeploymentPostprocessing = 0;
		};
		7CBE0AF92808B5A00098B205 /* Frameworks */ = {
			isa = PBXFrameworksBuildPhase;
			buildActionMask = 2147483647;
			files = (
				36F1BED2EA93B720F48F19A7 /* Pods_VeryCreativesTaskTests.framework in Frameworks */,
			);
			runOnlyForDeploymentPostprocessing = 0;
		};
		7CBE0B032808B5A00098B205 /* Frameworks */ = {
			isa = PBXFrameworksBuildPhase;
			buildActionMask = 2147483647;
			files = (
				DC853DDDAF4180F7070C4DF0 /* Pods_VeryCreativesTask_VeryCreativesTaskUITests.framework in Frameworks */,
			);
			runOnlyForDeploymentPostprocessing = 0;
		};
/* End PBXFrameworksBuildPhase section */

/* Begin PBXGroup section */
		6F31417770D0443293BFD4A6 /* Pods */ = {
			isa = PBXGroup;
			children = (
				22B4BF9B2A6BD9E530D4F4BD /* Pods-VeryCreativesTask.debug.xcconfig */,
				B9402075BE203A669A9D45D9 /* Pods-VeryCreativesTask.release.xcconfig */,
				E4349DFB2C0AD97A99386BDB /* Pods-VeryCreativesTask-VeryCreativesTaskUITests.debug.xcconfig */,
				3FD1C2B97E88DE250010DE36 /* Pods-VeryCreativesTask-VeryCreativesTaskUITests.release.xcconfig */,
				B6EBEA2615F8C64503BDD3AB /* Pods-VeryCreativesTaskTests.debug.xcconfig */,
				25F69F82ECDD91021FBD3919 /* Pods-VeryCreativesTaskTests.release.xcconfig */,
			);
			path = Pods;
			sourceTree = "<group>";
		};
		7C63A55E280C75DF001C3D6B /* NetworkTests */ = {
			isa = PBXGroup;
			children = (
				7C63A561280C862B001C3D6B /* NetworkTests.swift */,
				7C79A2C1280DC19800B9B7AA /* MockNetworkTests.swift */,
			);
			path = NetworkTests;
			sourceTree = "<group>";
		};
		7C63A55F280C75E8001C3D6B /* CoreDataTests */ = {
			isa = PBXGroup;
			children = (
				7C63A563280C8F2C001C3D6B /* CoreDataTests.swift */,
			);
			path = CoreDataTests;
			sourceTree = "<group>";
		};
		7C63A560280C75FD001C3D6B /* Localization */ = {
			isa = PBXGroup;
			children = (
				7C63A56B280C9794001C3D6B /* Localizable.strings */,
				7C63A575280CAF51001C3D6B /* LocalizationSystem.swift */,
			);
			path = Localization;
			sourceTree = "<group>";
		};
		7C63A577280DA2E1001C3D6B /* PresenterTests */ = {
			isa = PBXGroup;
			children = (
				7C63A578280DA2F2001C3D6B /* DetailsPresenterTests.swift */,
			);
			path = PresenterTests;
			sourceTree = "<group>";
		};
		7C79A2B6280DB2E400B9B7AA /* Real Services */ = {
			isa = PBXGroup;
			children = (
				7CBE0B382808B79A0098B205 /* Database */,
				7CBE0B402808B79A0098B205 /* Network */,
			);
			path = "Real Services";
			sourceTree = "<group>";
		};
		7C79A2B7280DB2EE00B9B7AA /* Mock Services */ = {
			isa = PBXGroup;
			children = (
				7C79A2C4280DC3E100B9B7AA /* Database */,
				7C79A2C3280DC3DB00B9B7AA /* Network */,
			);
			path = "Mock Services";
			sourceTree = "<group>";
		};
		7C79A2BE280DB63300B9B7AA /* Protocols */ = {
			isa = PBXGroup;
			children = (
				7CBE0B3A2808B79A0098B205 /* DatabaseProtocol.swift */,
				7C79A2BC280DB5DF00B9B7AA /* NetworkService.swift */,
			);
			path = Protocols;
			sourceTree = "<group>";
		};
		7C79A2C3280DC3DB00B9B7AA /* Network */ = {
			isa = PBXGroup;
			children = (
				7C79A2B8280DB31400B9B7AA /* MockNetworkRepository.swift */,
				7C79A2BA280DB52400B9B7AA /* MockNetworkManager.swift */,
			);
			path = Network;
			sourceTree = "<group>";
		};
		7C79A2C4280DC3E100B9B7AA /* Database */ = {
			isa = PBXGroup;
			children = (
				7C79A2C5280DC43A00B9B7AA /* MockCoreDataManager.swift */,
			);
			path = Database;
			sourceTree = "<group>";
		};
		7CBE0ADD2808B59E0098B205 = {
			isa = PBXGroup;
			children = (
				7CBE0AE82808B59E0098B205 /* VeryCreativesTask */,
				7CBE0AFF2808B5A00098B205 /* VeryCreativesTaskTests */,
				7CBE0B092808B5A00098B205 /* VeryCreativesTaskUITests */,
				7CBE0AE72808B59E0098B205 /* Products */,
				6F31417770D0443293BFD4A6 /* Pods */,
				C769D5E6AFFA148FE5318C7A /* Frameworks */,
			);
			sourceTree = "<group>";
		};
		7CBE0AE72808B59E0098B205 /* Products */ = {
			isa = PBXGroup;
			children = (
				7CBE0AE62808B59E0098B205 /* VeryCreativesTask.app */,
				7CBE0AFC2808B5A00098B205 /* VeryCreativesTaskTests.xctest */,
				7CBE0B062808B5A00098B205 /* VeryCreativesTaskUITests.xctest */,
			);
			name = Products;
			sourceTree = "<group>";
		};
		7CBE0AE82808B59E0098B205 /* VeryCreativesTask */ = {
			isa = PBXGroup;
			children = (
				7C63A560280C75FD001C3D6B /* Localization */,
				7CF1B807280A33F900AE14AC /* Extensions */,
				7CBE0B1D2808B79A0098B205 /* Utilities */,
				7CBE0B592808BA560098B205 /* Navigation */,
				7CBE0B372808B79A0098B205 /* Services */,
				7CBE0B202808B79A0098B205 /* Scenes */,
				7CBE0B1A2808B5C60098B205 /* Assets */,
				7CBE0B192808B5B50098B205 /* Core */,
				7CBE0AF72808B5A00098B205 /* Info.plist */,
			);
			path = VeryCreativesTask;
			sourceTree = "<group>";
		};
		7CBE0AFF2808B5A00098B205 /* VeryCreativesTaskTests */ = {
			isa = PBXGroup;
			children = (
				7C63A577280DA2E1001C3D6B /* PresenterTests */,
				7C63A55F280C75E8001C3D6B /* CoreDataTests */,
				7C63A55E280C75DF001C3D6B /* NetworkTests */,
			);
			path = VeryCreativesTaskTests;
			sourceTree = "<group>";
		};
		7CBE0B092808B5A00098B205 /* VeryCreativesTaskUITests */ = {
			isa = PBXGroup;
			children = (
				7CBE0B0A2808B5A00098B205 /* VeryCreativesTaskUITests.swift */,
				7CBE0B0C2808B5A00098B205 /* VeryCreativesTaskUITestsLaunchTests.swift */,
			);
			path = VeryCreativesTaskUITests;
			sourceTree = "<group>";
		};
		7CBE0B192808B5B50098B205 /* Core */ = {
			isa = PBXGroup;
			children = (
				7CBE0AE92808B59E0098B205 /* AppDelegate.swift */,
				7CBE0AEB2808B59E0098B205 /* SceneDelegate.swift */,
				7CBE0AF42808B5A00098B205 /* LaunchScreen.storyboard */,
			);
			path = Core;
			sourceTree = "<group>";
		};
		7CBE0B1A2808B5C60098B205 /* Assets */ = {
			isa = PBXGroup;
			children = (
				7CBE0AF22808B5A00098B205 /* Assets.xcassets */,
			);
			path = Assets;
			sourceTree = "<group>";
		};
		7CBE0B1D2808B79A0098B205 /* Utilities */ = {
			isa = PBXGroup;
			children = (
				7CBE0B1E2808B79A0098B205 /* Constants.swift */,
				7CBE0B1F2808B79A0098B205 /* Reachability.swift */,
				7CF1B7EB2809E75300AE14AC /* MovieType.swift */,
			);
			path = Utilities;
			sourceTree = "<group>";
		};
		7CBE0B202808B79A0098B205 /* Scenes */ = {
			isa = PBXGroup;
			children = (
				7CBE0B212808B79A0098B205 /* TabBar */,
				7CBE0B342808B79A0098B205 /* MovieDetails */,
			);
			path = Scenes;
			sourceTree = "<group>";
		};
		7CBE0B212808B79A0098B205 /* TabBar */ = {
			isa = PBXGroup;
			children = (
				7CBE0B322808B79A0098B205 /* Main.storyboard */,
				7CBE0B222808B79A0098B205 /* Home */,
				7CBE0B2A2808B79A0098B205 /* Favorites */,
			);
			path = TabBar;
			sourceTree = "<group>";
		};
		7CBE0B222808B79A0098B205 /* Home */ = {
			isa = PBXGroup;
			children = (
				7CF1B7F62809F83E00AE14AC /* NavigationRoutes */,
				7CBE0B232808B79A0098B205 /* Presenters */,
				7CBE0B252808B79A0098B205 /* Views */,
			);
			path = Home;
			sourceTree = "<group>";
		};
		7CBE0B232808B79A0098B205 /* Presenters */ = {
			isa = PBXGroup;
			children = (
				7CBE0B242808B79A0098B205 /* HomePresenter.swift */,
			);
			path = Presenters;
			sourceTree = "<group>";
		};
		7CBE0B252808B79A0098B205 /* Views */ = {
			isa = PBXGroup;
			children = (
				7CBE0B262808B79A0098B205 /* HomeViewController.swift */,
				7CBE0B272808B79A0098B205 /* MovieCell */,
			);
			path = Views;
			sourceTree = "<group>";
		};
		7CBE0B272808B79A0098B205 /* MovieCell */ = {
			isa = PBXGroup;
			children = (
				7CBE0B282808B79A0098B205 /* MovieCollectionViewCell.swift */,
				7CBE0B292808B79A0098B205 /* MovieCollectionViewCell.xib */,
			);
			path = MovieCell;
			sourceTree = "<group>";
		};
		7CBE0B2A2808B79A0098B205 /* Favorites */ = {
			isa = PBXGroup;
			children = (
				7CF1B800280A1C4900AE14AC /* NavigationRoutes */,
				7CBE0B2B2808B79A0098B205 /* Presenters */,
				7CBE0B2D2808B79A0098B205 /* Views */,
			);
			path = Favorites;
			sourceTree = "<group>";
		};
		7CBE0B2B2808B79A0098B205 /* Presenters */ = {
			isa = PBXGroup;
			children = (
				7CBE0B2C2808B79A0098B205 /* FavoritesPresenter.swift */,
			);
			path = Presenters;
			sourceTree = "<group>";
		};
		7CBE0B2D2808B79A0098B205 /* Views */ = {
			isa = PBXGroup;
			children = (
				7CBE0B2E2808B79A0098B205 /* FavoritesViewController.swift */,
				7CBE0B2F2808B79A0098B205 /* FavoriteMovieCell */,
			);
			path = Views;
			sourceTree = "<group>";
		};
		7CBE0B2F2808B79A0098B205 /* FavoriteMovieCell */ = {
			isa = PBXGroup;
			children = (
				7CBE0B302808B79A0098B205 /* FavoriteMovieTableViewCell.xib */,
				7CBE0B312808B79A0098B205 /* FavoriteMovieTableViewCell.swift */,
			);
			path = FavoriteMovieCell;
			sourceTree = "<group>";
		};
		7CBE0B342808B79A0098B205 /* MovieDetails */ = {
			isa = PBXGroup;
			children = (
				7CBE0B352808B79A0098B205 /* Presenters */,
				7CBE0B362808B79A0098B205 /* Views */,
			);
			path = MovieDetails;
			sourceTree = "<group>";
		};
		7CBE0B352808B79A0098B205 /* Presenters */ = {
			isa = PBXGroup;
			children = (
				7CBE0B672808C7200098B205 /* MovieDetailsPresenter.swift */,
			);
			path = Presenters;
			sourceTree = "<group>";
		};
		7CBE0B362808B79A0098B205 /* Views */ = {
			isa = PBXGroup;
			children = (
				7CBE0B632808C7160098B205 /* MovieDetailsViewController.swift */,
				7CBE0B642808C7160098B205 /* MovieDetailsViewController.xib */,
			);
			path = Views;
			sourceTree = "<group>";
		};
		7CBE0B372808B79A0098B205 /* Services */ = {
			isa = PBXGroup;
			children = (
				7C79A2BE280DB63300B9B7AA /* Protocols */,
				7C79A2B7280DB2EE00B9B7AA /* Mock Services */,
				7C79A2B6280DB2E400B9B7AA /* Real Services */,
			);
			path = Services;
			sourceTree = "<group>";
		};
		7CBE0B382808B79A0098B205 /* Database */ = {
			isa = PBXGroup;
			children = (
				7CF1B7E82809E71800AE14AC /* Model.xcdatamodeld */,
				7CBE0B392808B79A0098B205 /* CoreDataManager.swift */,
				7CBE0B3B2808B79A0098B205 /* Models */,
			);
			path = Database;
			sourceTree = "<group>";
		};
		7CBE0B3B2808B79A0098B205 /* Models */ = {
			isa = PBXGroup;
			children = (
				7C63A55A280B5CAC001C3D6B /* MovieDataManagedObject+CoreDataClass.swift */,
				7C63A55B280B5CAC001C3D6B /* MovieDataManagedObject+CoreDataProperties.swift */,
			);
			path = Models;
			sourceTree = "<group>";
		};
		7CBE0B402808B79A0098B205 /* Network */ = {
			isa = PBXGroup;
			children = (
				7CF1B805280A25D000AE14AC /* NetworkRepository.swift */,
				7CBE0B412808B79A0098B205 /* NetworkRouter.swift */,
				7CBE0B422808B79A0098B205 /* NetworkManager.swift */,
				7CBE0B432808B79A0098B205 /* Models */,
			);
			path = Network;
			sourceTree = "<group>";
		};
		7CBE0B432808B79A0098B205 /* Models */ = {
			isa = PBXGroup;
			children = (
				7CBE0B442808B79A0098B205 /* MovieResponse.swift */,
			);
			path = Models;
			sourceTree = "<group>";
		};
		7CBE0B592808BA560098B205 /* Navigation */ = {
			isa = PBXGroup;
			children = (
				7CBE0B5A2808BA560098B205 /* NavigationRoute.swift */,
				7CBE0B5E2808BA560098B205 /* Route.swift */,
			);
			path = Navigation;
			sourceTree = "<group>";
		};
		7CF1B7F62809F83E00AE14AC /* NavigationRoutes */ = {
			isa = PBXGroup;
			children = (
				7CF1B7F72809F83E00AE14AC /* HomeNavigationRoutes.swift */,
			);
			path = NavigationRoutes;
			sourceTree = "<group>";
		};
		7CF1B800280A1C4900AE14AC /* NavigationRoutes */ = {
			isa = PBXGroup;
			children = (
				7CF1B801280A1C6200AE14AC /* FavoritesNavigationRoutes.swift */,
			);
			path = NavigationRoutes;
			sourceTree = "<group>";
		};
		7CF1B807280A33F900AE14AC /* Extensions */ = {
			isa = PBXGroup;
			children = (
				7CF1B808280A340400AE14AC /* UIColor+Extensions.swift */,
			);
			path = Extensions;
			sourceTree = "<group>";
		};
		C769D5E6AFFA148FE5318C7A /* Frameworks */ = {
			isa = PBXGroup;
			children = (
				512D32FCB7768F554A8BFB11 /* Pods_VeryCreativesTask.framework */,
				673AFF44CF156A5D68C1A5CB /* Pods_VeryCreativesTask_VeryCreativesTaskUITests.framework */,
				D673C708BBDF12254A4F6DA9 /* Pods_VeryCreativesTaskTests.framework */,
			);
			name = Frameworks;
			sourceTree = "<group>";
		};
/* End PBXGroup section */

/* Begin PBXNativeTarget section */
		7CBE0AE52808B59E0098B205 /* VeryCreativesTask */ = {
			isa = PBXNativeTarget;
			buildConfigurationList = 7CBE0B102808B5A00098B205 /* Build configuration list for PBXNativeTarget "VeryCreativesTask" */;
			buildPhases = (
				58F1D985BE74BBADA9808BEB /* [CP] Check Pods Manifest.lock */,
				7CBE0AE22808B59E0098B205 /* Sources */,
				7CBE0AE32808B59E0098B205 /* Frameworks */,
				7CBE0AE42808B59E0098B205 /* Resources */,
				ECBE000B70BD0E9C45D7EF23 /* [CP] Embed Pods Frameworks */,
			);
			buildRules = (
			);
			dependencies = (
			);
			name = VeryCreativesTask;
			productName = VeryCreativesTask;
			productReference = 7CBE0AE62808B59E0098B205 /* VeryCreativesTask.app */;
			productType = "com.apple.product-type.application";
		};
		7CBE0AFB2808B5A00098B205 /* VeryCreativesTaskTests */ = {
			isa = PBXNativeTarget;
			buildConfigurationList = 7CBE0B132808B5A00098B205 /* Build configuration list for PBXNativeTarget "VeryCreativesTaskTests" */;
			buildPhases = (
				F24280D6BCE9EFF44F9D8EBE /* [CP] Check Pods Manifest.lock */,
				7CBE0AF82808B5A00098B205 /* Sources */,
				7CBE0AF92808B5A00098B205 /* Frameworks */,
				7CBE0AFA2808B5A00098B205 /* Resources */,
			);
			buildRules = (
			);
			dependencies = (
				7CBE0AFE2808B5A00098B205 /* PBXTargetDependency */,
			);
			name = VeryCreativesTaskTests;
			productName = VeryCreativesTaskTests;
			productReference = 7CBE0AFC2808B5A00098B205 /* VeryCreativesTaskTests.xctest */;
			productType = "com.apple.product-type.bundle.unit-test";
		};
		7CBE0B052808B5A00098B205 /* VeryCreativesTaskUITests */ = {
			isa = PBXNativeTarget;
			buildConfigurationList = 7CBE0B162808B5A00098B205 /* Build configuration list for PBXNativeTarget "VeryCreativesTaskUITests" */;
			buildPhases = (
				9AA6AB5702D7B61BAC80D17E /* [CP] Check Pods Manifest.lock */,
				7CBE0B022808B5A00098B205 /* Sources */,
				7CBE0B032808B5A00098B205 /* Frameworks */,
				7CBE0B042808B5A00098B205 /* Resources */,
				4073696B515F376555C35BFF /* [CP] Embed Pods Frameworks */,
			);
			buildRules = (
			);
			dependencies = (
				7CBE0B082808B5A00098B205 /* PBXTargetDependency */,
			);
			name = VeryCreativesTaskUITests;
			productName = VeryCreativesTaskUITests;
			productReference = 7CBE0B062808B5A00098B205 /* VeryCreativesTaskUITests.xctest */;
			productType = "com.apple.product-type.bundle.ui-testing";
		};
/* End PBXNativeTarget section */

/* Begin PBXProject section */
		7CBE0ADE2808B59E0098B205 /* Project object */ = {
			isa = PBXProject;
			attributes = {
				BuildIndependentTargetsInParallel = 1;
				LastSwiftUpdateCheck = 1330;
				LastUpgradeCheck = 1330;
				TargetAttributes = {
					7CBE0AE52808B59E0098B205 = {
						CreatedOnToolsVersion = 13.3;
					};
					7CBE0AFB2808B5A00098B205 = {
						CreatedOnToolsVersion = 13.3;
						TestTargetID = 7CBE0AE52808B59E0098B205;
					};
					7CBE0B052808B5A00098B205 = {
						CreatedOnToolsVersion = 13.3;
						TestTargetID = 7CBE0AE52808B59E0098B205;
					};
				};
			};
			buildConfigurationList = 7CBE0AE12808B59E0098B205 /* Build configuration list for PBXProject "VeryCreativesTask" */;
			compatibilityVersion = "Xcode 13.0";
			developmentRegion = en;
			hasScannedForEncodings = 0;
			knownRegions = (
				en,
				Base,
				ar,
			);
			mainGroup = 7CBE0ADD2808B59E0098B205;
			productRefGroup = 7CBE0AE72808B59E0098B205 /* Products */;
			projectDirPath = "";
			projectRoot = "";
			targets = (
				7CBE0AE52808B59E0098B205 /* VeryCreativesTask */,
				7CBE0AFB2808B5A00098B205 /* VeryCreativesTaskTests */,
				7CBE0B052808B5A00098B205 /* VeryCreativesTaskUITests */,
			);
		};
/* End PBXProject section */

/* Begin PBXResourcesBuildPhase section */
		7CBE0AE42808B59E0098B205 /* Resources */ = {
			isa = PBXResourcesBuildPhase;
			buildActionMask = 2147483647;
			files = (
				7CBE0AF62808B5A00098B205 /* LaunchScreen.storyboard in Resources */,
				7CBE0AF32808B5A00098B205 /* Assets.xcassets in Resources */,
				7CBE0B502808B79A0098B205 /* Main.storyboard in Resources */,
				7C63A569280C9794001C3D6B /* Localizable.strings in Resources */,
				7CBE0B662808C7160098B205 /* MovieDetailsViewController.xib in Resources */,
				7CBE0B4B2808B79A0098B205 /* MovieCollectionViewCell.xib in Resources */,
				7CBE0B4E2808B79A0098B205 /* FavoriteMovieTableViewCell.xib in Resources */,
			);
			runOnlyForDeploymentPostprocessing = 0;
		};
		7CBE0AFA2808B5A00098B205 /* Resources */ = {
			isa = PBXResourcesBuildPhase;
			buildActionMask = 2147483647;
			files = (
			);
			runOnlyForDeploymentPostprocessing = 0;
		};
		7CBE0B042808B5A00098B205 /* Resources */ = {
			isa = PBXResourcesBuildPhase;
			buildActionMask = 2147483647;
			files = (
			);
			runOnlyForDeploymentPostprocessing = 0;
		};
/* End PBXResourcesBuildPhase section */

/* Begin PBXShellScriptBuildPhase section */
		4073696B515F376555C35BFF /* [CP] Embed Pods Frameworks */ = {
			isa = PBXShellScriptBuildPhase;
			buildActionMask = 2147483647;
			files = (
			);
			inputFileListPaths = (
				"${PODS_ROOT}/Target Support Files/Pods-VeryCreativesTask-VeryCreativesTaskUITests/Pods-VeryCreativesTask-VeryCreativesTaskUITests-frameworks-${CONFIGURATION}-input-files.xcfilelist",
			);
			name = "[CP] Embed Pods Frameworks";
			outputFileListPaths = (
				"${PODS_ROOT}/Target Support Files/Pods-VeryCreativesTask-VeryCreativesTaskUITests/Pods-VeryCreativesTask-VeryCreativesTaskUITests-frameworks-${CONFIGURATION}-output-files.xcfilelist",
			);
			runOnlyForDeploymentPostprocessing = 0;
			shellPath = /bin/sh;
			shellScript = "\"${PODS_ROOT}/Target Support Files/Pods-VeryCreativesTask-VeryCreativesTaskUITests/Pods-VeryCreativesTask-VeryCreativesTaskUITests-frameworks.sh\"\n";
			showEnvVarsInLog = 0;
		};
		58F1D985BE74BBADA9808BEB /* [CP] Check Pods Manifest.lock */ = {
			isa = PBXShellScriptBuildPhase;
			buildActionMask = 2147483647;
			files = (
			);
			inputFileListPaths = (
			);
			inputPaths = (
				"${PODS_PODFILE_DIR_PATH}/Podfile.lock",
				"${PODS_ROOT}/Manifest.lock",
			);
			name = "[CP] Check Pods Manifest.lock";
			outputFileListPaths = (
			);
			outputPaths = (
				"$(DERIVED_FILE_DIR)/Pods-VeryCreativesTask-checkManifestLockResult.txt",
			);
			runOnlyForDeploymentPostprocessing = 0;
			shellPath = /bin/sh;
			shellScript = "diff \"${PODS_PODFILE_DIR_PATH}/Podfile.lock\" \"${PODS_ROOT}/Manifest.lock\" > /dev/null\nif [ $? != 0 ] ; then\n    # print error to STDERR\n    echo \"error: The sandbox is not in sync with the Podfile.lock. Run 'pod install' or update your CocoaPods installation.\" >&2\n    exit 1\nfi\n# This output is used by Xcode 'outputs' to avoid re-running this script phase.\necho \"SUCCESS\" > \"${SCRIPT_OUTPUT_FILE_0}\"\n";
			showEnvVarsInLog = 0;
		};
		9AA6AB5702D7B61BAC80D17E /* [CP] Check Pods Manifest.lock */ = {
			isa = PBXShellScriptBuildPhase;
			buildActionMask = 2147483647;
			files = (
			);
			inputFileListPaths = (
			);
			inputPaths = (
				"${PODS_PODFILE_DIR_PATH}/Podfile.lock",
				"${PODS_ROOT}/Manifest.lock",
			);
			name = "[CP] Check Pods Manifest.lock";
			outputFileListPaths = (
			);
			outputPaths = (
				"$(DERIVED_FILE_DIR)/Pods-VeryCreativesTask-VeryCreativesTaskUITests-checkManifestLockResult.txt",
			);
			runOnlyForDeploymentPostprocessing = 0;
			shellPath = /bin/sh;
			shellScript = "diff \"${PODS_PODFILE_DIR_PATH}/Podfile.lock\" \"${PODS_ROOT}/Manifest.lock\" > /dev/null\nif [ $? != 0 ] ; then\n    # print error to STDERR\n    echo \"error: The sandbox is not in sync with the Podfile.lock. Run 'pod install' or update your CocoaPods installation.\" >&2\n    exit 1\nfi\n# This output is used by Xcode 'outputs' to avoid re-running this script phase.\necho \"SUCCESS\" > \"${SCRIPT_OUTPUT_FILE_0}\"\n";
			showEnvVarsInLog = 0;
		};
		ECBE000B70BD0E9C45D7EF23 /* [CP] Embed Pods Frameworks */ = {
			isa = PBXShellScriptBuildPhase;
			buildActionMask = 2147483647;
			files = (
			);
			inputFileListPaths = (
				"${PODS_ROOT}/Target Support Files/Pods-VeryCreativesTask/Pods-VeryCreativesTask-frameworks-${CONFIGURATION}-input-files.xcfilelist",
			);
			name = "[CP] Embed Pods Frameworks";
			outputFileListPaths = (
				"${PODS_ROOT}/Target Support Files/Pods-VeryCreativesTask/Pods-VeryCreativesTask-frameworks-${CONFIGURATION}-output-files.xcfilelist",
			);
			runOnlyForDeploymentPostprocessing = 0;
			shellPath = /bin/sh;
			shellScript = "\"${PODS_ROOT}/Target Support Files/Pods-VeryCreativesTask/Pods-VeryCreativesTask-frameworks.sh\"\n";
			showEnvVarsInLog = 0;
		};
		F24280D6BCE9EFF44F9D8EBE /* [CP] Check Pods Manifest.lock */ = {
			isa = PBXShellScriptBuildPhase;
			buildActionMask = 2147483647;
			files = (
			);
			inputFileListPaths = (
			);
			inputPaths = (
				"${PODS_PODFILE_DIR_PATH}/Podfile.lock",
				"${PODS_ROOT}/Manifest.lock",
			);
			name = "[CP] Check Pods Manifest.lock";
			outputFileListPaths = (
			);
			outputPaths = (
				"$(DERIVED_FILE_DIR)/Pods-VeryCreativesTaskTests-checkManifestLockResult.txt",
			);
			runOnlyForDeploymentPostprocessing = 0;
			shellPath = /bin/sh;
			shellScript = "diff \"${PODS_PODFILE_DIR_PATH}/Podfile.lock\" \"${PODS_ROOT}/Manifest.lock\" > /dev/null\nif [ $? != 0 ] ; then\n    # print error to STDERR\n    echo \"error: The sandbox is not in sync with the Podfile.lock. Run 'pod install' or update your CocoaPods installation.\" >&2\n    exit 1\nfi\n# This output is used by Xcode 'outputs' to avoid re-running this script phase.\necho \"SUCCESS\" > \"${SCRIPT_OUTPUT_FILE_0}\"\n";
			showEnvVarsInLog = 0;
		};
/* End PBXShellScriptBuildPhase section */

/* Begin PBXSourcesBuildPhase section */
		7CBE0AE22808B59E0098B205 /* Sources */ = {
			isa = PBXSourcesBuildPhase;
			buildActionMask = 2147483647;
			files = (
				7CBE0AEA2808B59E0098B205 /* AppDelegate.swift in Sources */,
				7C79A2BD280DB5DF00B9B7AA /* NetworkService.swift in Sources */,
				7CBE0B4D2808B79A0098B205 /* FavoritesViewController.swift in Sources */,
				7C63A55C280B5CAC001C3D6B /* MovieDataManagedObject+CoreDataClass.swift in Sources */,
				7CBE0B4F2808B79A0098B205 /* FavoriteMovieTableViewCell.swift in Sources */,
				7CBE0AEC2808B59E0098B205 /* SceneDelegate.swift in Sources */,
				7CBE0B472808B79A0098B205 /* Reachability.swift in Sources */,
				7CF1B802280A1C6200AE14AC /* FavoritesNavigationRoutes.swift in Sources */,
				7CBE0B482808B79A0098B205 /* HomePresenter.swift in Sources */,
				7CBE0B4A2808B79A0098B205 /* MovieCollectionViewCell.swift in Sources */,
				7CF1B809280A340400AE14AC /* UIColor+Extensions.swift in Sources */,
				7C63A55D280B5CAC001C3D6B /* MovieDataManagedObject+CoreDataProperties.swift in Sources */,
				7CBE0B5F2808BA560098B205 /* NavigationRoute.swift in Sources */,
				7CF1B7EA2809E71800AE14AC /* Model.xcdatamodeld in Sources */,
				7CBE0B562808B79A0098B205 /* NetworkRouter.swift in Sources */,
				7CF1B7EC2809E75300AE14AC /* MovieType.swift in Sources */,
				7CBE0B572808B79A0098B205 /* NetworkManager.swift in Sources */,
				7CBE0B622808BA560098B205 /* Route.swift in Sources */,
				7C63A576280CAF51001C3D6B /* LocalizationSystem.swift in Sources */,
				7CBE0B462808B79A0098B205 /* Constants.swift in Sources */,
				7CF1B806280A25D000AE14AC /* NetworkRepository.swift in Sources */,
				7CF1B7F82809F83E00AE14AC /* HomeNavigationRoutes.swift in Sources */,
				7CBE0B522808B79A0098B205 /* DatabaseProtocol.swift in Sources */,
				7CBE0B4C2808B79A0098B205 /* FavoritesPresenter.swift in Sources */,
				7CBE0B492808B79A0098B205 /* HomeViewController.swift in Sources */,
				7C79A2BB280DB52400B9B7AA /* MockNetworkManager.swift in Sources */,
				7C79A2B9280DB31400B9B7AA /* MockNetworkRepository.swift in Sources */,
				7CBE0B652808C7160098B205 /* MovieDetailsViewController.swift in Sources */,
				7C79A2C6280DC43A00B9B7AA /* MockCoreDataManager.swift in Sources */,
				7CBE0B682808C7200098B205 /* MovieDetailsPresenter.swift in Sources */,
				7CBE0B582808B79A0098B205 /* MovieResponse.swift in Sources */,
				7CBE0B512808B79A0098B205 /* CoreDataManager.swift in Sources */,
			);
			runOnlyForDeploymentPostprocessing = 0;
		};
		7CBE0AF82808B5A00098B205 /* Sources */ = {
			isa = PBXSourcesBuildPhase;
			buildActionMask = 2147483647;
			files = (
				7C79A2C2280DC19800B9B7AA /* MockNetworkTests.swift in Sources */,
				7C63A562280C862B001C3D6B /* NetworkTests.swift in Sources */,
				7C63A564280C8F2C001C3D6B /* CoreDataTests.swift in Sources */,
				7C63A579280DA2F2001C3D6B /* DetailsPresenterTests.swift in Sources */,
			);
			runOnlyForDeploymentPostprocessing = 0;
		};
		7CBE0B022808B5A00098B205 /* Sources */ = {
			isa = PBXSourcesBuildPhase;
			buildActionMask = 2147483647;
			files = (
				7CBE0B0D2808B5A00098B205 /* VeryCreativesTaskUITestsLaunchTests.swift in Sources */,
				7CBE0B0B2808B5A00098B205 /* VeryCreativesTaskUITests.swift in Sources */,
			);
			runOnlyForDeploymentPostprocessing = 0;
		};
/* End PBXSourcesBuildPhase section */

/* Begin PBXTargetDependency section */
		7CBE0AFE2808B5A00098B205 /* PBXTargetDependency */ = {
			isa = PBXTargetDependency;
			target = 7CBE0AE52808B59E0098B205 /* VeryCreativesTask */;
			targetProxy = 7CBE0AFD2808B5A00098B205 /* PBXContainerItemProxy */;
		};
		7CBE0B082808B5A00098B205 /* PBXTargetDependency */ = {
			isa = PBXTargetDependency;
			target = 7CBE0AE52808B59E0098B205 /* VeryCreativesTask */;
			targetProxy = 7CBE0B072808B5A00098B205 /* PBXContainerItemProxy */;
		};
/* End PBXTargetDependency section */

/* Begin PBXVariantGroup section */
		7C63A56B280C9794001C3D6B /* Localizable.strings */ = {
			isa = PBXVariantGroup;
			children = (
				7C63A56A280C9794001C3D6B /* ar */,
				7C63A56C280C979D001C3D6B /* en */,
			);
			name = Localizable.strings;
			sourceTree = "<group>";
		};
		7CBE0AF42808B5A00098B205 /* LaunchScreen.storyboard */ = {
			isa = PBXVariantGroup;
			children = (
				7CBE0AF52808B5A00098B205 /* Base */,
				7C63A566280C9746001C3D6B /* ar */,
			);
			name = LaunchScreen.storyboard;
			sourceTree = "<group>";
		};
		7CBE0B322808B79A0098B205 /* Main.storyboard */ = {
			isa = PBXVariantGroup;
			children = (
				7CBE0B332808B79A0098B205 /* Base */,
				7C63A565280C9746001C3D6B /* ar */,
			);
			name = Main.storyboard;
			sourceTree = "<group>";
		};
/* End PBXVariantGroup section */

/* Begin XCBuildConfiguration section */
		7CBE0B0E2808B5A00098B205 /* Debug */ = {
			isa = XCBuildConfiguration;
			buildSettings = {
				ALWAYS_SEARCH_USER_PATHS = NO;
				CLANG_ANALYZER_LOCALIZABILITY_NONLOCALIZED = YES;
				CLANG_ANALYZER_NONNULL = YES;
				CLANG_ANALYZER_NUMBER_OBJECT_CONVERSION = YES_AGGRESSIVE;
				CLANG_CXX_LANGUAGE_STANDARD = "gnu++17";
				CLANG_ENABLE_MODULES = YES;
				CLANG_ENABLE_OBJC_ARC = YES;
				CLANG_ENABLE_OBJC_WEAK = YES;
				CLANG_WARN_BLOCK_CAPTURE_AUTORELEASING = YES;
				CLANG_WARN_BOOL_CONVERSION = YES;
				CLANG_WARN_COMMA = YES;
				CLANG_WARN_CONSTANT_CONVERSION = YES;
				CLANG_WARN_DEPRECATED_OBJC_IMPLEMENTATIONS = YES;
				CLANG_WARN_DIRECT_OBJC_ISA_USAGE = YES_ERROR;
				CLANG_WARN_DOCUMENTATION_COMMENTS = YES;
				CLANG_WARN_EMPTY_BODY = YES;
				CLANG_WARN_ENUM_CONVERSION = YES;
				CLANG_WARN_INFINITE_RECURSION = YES;
				CLANG_WARN_INT_CONVERSION = YES;
				CLANG_WARN_NON_LITERAL_NULL_CONVERSION = YES;
				CLANG_WARN_OBJC_IMPLICIT_RETAIN_SELF = YES;
				CLANG_WARN_OBJC_LITERAL_CONVERSION = YES;
				CLANG_WARN_OBJC_ROOT_CLASS = YES_ERROR;
				CLANG_WARN_QUOTED_INCLUDE_IN_FRAMEWORK_HEADER = YES;
				CLANG_WARN_RANGE_LOOP_ANALYSIS = YES;
				CLANG_WARN_STRICT_PROTOTYPES = YES;
				CLANG_WARN_SUSPICIOUS_MOVE = YES;
				CLANG_WARN_UNGUARDED_AVAILABILITY = YES_AGGRESSIVE;
				CLANG_WARN_UNREACHABLE_CODE = YES;
				CLANG_WARN__DUPLICATE_METHOD_MATCH = YES;
				COPY_PHASE_STRIP = NO;
				DEBUG_INFORMATION_FORMAT = dwarf;
				ENABLE_STRICT_OBJC_MSGSEND = YES;
				ENABLE_TESTABILITY = YES;
				GCC_C_LANGUAGE_STANDARD = gnu11;
				GCC_DYNAMIC_NO_PIC = NO;
				GCC_NO_COMMON_BLOCKS = YES;
				GCC_OPTIMIZATION_LEVEL = 0;
				GCC_PREPROCESSOR_DEFINITIONS = (
					"DEBUG=1",
					"$(inherited)",
				);
				GCC_WARN_64_TO_32_BIT_CONVERSION = YES;
				GCC_WARN_ABOUT_RETURN_TYPE = YES_ERROR;
				GCC_WARN_UNDECLARED_SELECTOR = YES;
				GCC_WARN_UNINITIALIZED_AUTOS = YES_AGGRESSIVE;
				GCC_WARN_UNUSED_FUNCTION = YES;
				GCC_WARN_UNUSED_VARIABLE = YES;
				IPHONEOS_DEPLOYMENT_TARGET = 15.4;
				MTL_ENABLE_DEBUG_INFO = INCLUDE_SOURCE;
				MTL_FAST_MATH = YES;
				ONLY_ACTIVE_ARCH = YES;
				SDKROOT = iphoneos;
				SWIFT_ACTIVE_COMPILATION_CONDITIONS = DEBUG;
				SWIFT_OPTIMIZATION_LEVEL = "-Onone";
			};
			name = Debug;
		};
		7CBE0B0F2808B5A00098B205 /* Release */ = {
			isa = XCBuildConfiguration;
			buildSettings = {
				ALWAYS_SEARCH_USER_PATHS = NO;
				CLANG_ANALYZER_LOCALIZABILITY_NONLOCALIZED = YES;
				CLANG_ANALYZER_NONNULL = YES;
				CLANG_ANALYZER_NUMBER_OBJECT_CONVERSION = YES_AGGRESSIVE;
				CLANG_CXX_LANGUAGE_STANDARD = "gnu++17";
				CLANG_ENABLE_MODULES = YES;
				CLANG_ENABLE_OBJC_ARC = YES;
				CLANG_ENABLE_OBJC_WEAK = YES;
				CLANG_WARN_BLOCK_CAPTURE_AUTORELEASING = YES;
				CLANG_WARN_BOOL_CONVERSION = YES;
				CLANG_WARN_COMMA = YES;
				CLANG_WARN_CONSTANT_CONVERSION = YES;
				CLANG_WARN_DEPRECATED_OBJC_IMPLEMENTATIONS = YES;
				CLANG_WARN_DIRECT_OBJC_ISA_USAGE = YES_ERROR;
				CLANG_WARN_DOCUMENTATION_COMMENTS = YES;
				CLANG_WARN_EMPTY_BODY = YES;
				CLANG_WARN_ENUM_CONVERSION = YES;
				CLANG_WARN_INFINITE_RECURSION = YES;
				CLANG_WARN_INT_CONVERSION = YES;
				CLANG_WARN_NON_LITERAL_NULL_CONVERSION = YES;
				CLANG_WARN_OBJC_IMPLICIT_RETAIN_SELF = YES;
				CLANG_WARN_OBJC_LITERAL_CONVERSION = YES;
				CLANG_WARN_OBJC_ROOT_CLASS = YES_ERROR;
				CLANG_WARN_QUOTED_INCLUDE_IN_FRAMEWORK_HEADER = YES;
				CLANG_WARN_RANGE_LOOP_ANALYSIS = YES;
				CLANG_WARN_STRICT_PROTOTYPES = YES;
				CLANG_WARN_SUSPICIOUS_MOVE = YES;
				CLANG_WARN_UNGUARDED_AVAILABILITY = YES_AGGRESSIVE;
				CLANG_WARN_UNREACHABLE_CODE = YES;
				CLANG_WARN__DUPLICATE_METHOD_MATCH = YES;
				COPY_PHASE_STRIP = NO;
				DEBUG_INFORMATION_FORMAT = "dwarf-with-dsym";
				ENABLE_NS_ASSERTIONS = NO;
				ENABLE_STRICT_OBJC_MSGSEND = YES;
				GCC_C_LANGUAGE_STANDARD = gnu11;
				GCC_NO_COMMON_BLOCKS = YES;
				GCC_WARN_64_TO_32_BIT_CONVERSION = YES;
				GCC_WARN_ABOUT_RETURN_TYPE = YES_ERROR;
				GCC_WARN_UNDECLARED_SELECTOR = YES;
				GCC_WARN_UNINITIALIZED_AUTOS = YES_AGGRESSIVE;
				GCC_WARN_UNUSED_FUNCTION = YES;
				GCC_WARN_UNUSED_VARIABLE = YES;
				IPHONEOS_DEPLOYMENT_TARGET = 15.4;
				MTL_ENABLE_DEBUG_INFO = NO;
				MTL_FAST_MATH = YES;
				SDKROOT = iphoneos;
				SWIFT_COMPILATION_MODE = wholemodule;
				SWIFT_OPTIMIZATION_LEVEL = "-O";
				VALIDATE_PRODUCT = YES;
			};
			name = Release;
		};
		7CBE0B112808B5A00098B205 /* Debug */ = {
			isa = XCBuildConfiguration;
			baseConfigurationReference = 22B4BF9B2A6BD9E530D4F4BD /* Pods-VeryCreativesTask.debug.xcconfig */;
			buildSettings = {
				ASSETCATALOG_COMPILER_APPICON_NAME = AppIcon;
				ASSETCATALOG_COMPILER_GLOBAL_ACCENT_COLOR_NAME = AccentColor;
				CODE_SIGN_STYLE = Automatic;
				CURRENT_PROJECT_VERSION = 1;
				DEVELOPMENT_TEAM = NF6L68DRU6;
				GENERATE_INFOPLIST_FILE = YES;
				INFOPLIST_FILE = VeryCreativesTask/Info.plist;
				INFOPLIST_KEY_UIApplicationSupportsIndirectInputEvents = YES;
				INFOPLIST_KEY_UILaunchStoryboardName = LaunchScreen;
				INFOPLIST_KEY_UIMainStoryboardFile = Main;
				INFOPLIST_KEY_UISupportedInterfaceOrientations_iPad = "UIInterfaceOrientationPortrait UIInterfaceOrientationPortraitUpsideDown UIInterfaceOrientationLandscapeLeft UIInterfaceOrientationLandscapeRight";
				INFOPLIST_KEY_UISupportedInterfaceOrientations_iPhone = "UIInterfaceOrientationPortrait UIInterfaceOrientationLandscapeLeft UIInterfaceOrientationLandscapeRight";
				IPHONEOS_DEPLOYMENT_TARGET = 12.0;
				LD_RUNPATH_SEARCH_PATHS = (
					"$(inherited)",
					"@executable_path/Frameworks",
				);
				MARKETING_VERSION = 1.0;
				PRODUCT_BUNDLE_IDENTIFIER = iNoor.VeryCreativesTask;
				PRODUCT_NAME = "$(TARGET_NAME)";
				SWIFT_EMIT_LOC_STRINGS = YES;
				SWIFT_VERSION = 5.0;
				TARGETED_DEVICE_FAMILY = "1,2";
			};
			name = Debug;
		};
		7CBE0B122808B5A00098B205 /* Release */ = {
			isa = XCBuildConfiguration;
			baseConfigurationReference = B9402075BE203A669A9D45D9 /* Pods-VeryCreativesTask.release.xcconfig */;
			buildSettings = {
				ASSETCATALOG_COMPILER_APPICON_NAME = AppIcon;
				ASSETCATALOG_COMPILER_GLOBAL_ACCENT_COLOR_NAME = AccentColor;
				CODE_SIGN_STYLE = Automatic;
				CURRENT_PROJECT_VERSION = 1;
				DEVELOPMENT_TEAM = NF6L68DRU6;
				GENERATE_INFOPLIST_FILE = YES;
				INFOPLIST_FILE = VeryCreativesTask/Info.plist;
				INFOPLIST_KEY_UIApplicationSupportsIndirectInputEvents = YES;
				INFOPLIST_KEY_UILaunchStoryboardName = LaunchScreen;
				INFOPLIST_KEY_UIMainStoryboardFile = Main;
				INFOPLIST_KEY_UISupportedInterfaceOrientations_iPad = "UIInterfaceOrientationPortrait UIInterfaceOrientationPortraitUpsideDown UIInterfaceOrientationLandscapeLeft UIInterfaceOrientationLandscapeRight";
				INFOPLIST_KEY_UISupportedInterfaceOrientations_iPhone = "UIInterfaceOrientationPortrait UIInterfaceOrientationLandscapeLeft UIInterfaceOrientationLandscapeRight";
				IPHONEOS_DEPLOYMENT_TARGET = 12.0;
				LD_RUNPATH_SEARCH_PATHS = (
					"$(inherited)",
					"@executable_path/Frameworks",
				);
				MARKETING_VERSION = 1.0;
				PRODUCT_BUNDLE_IDENTIFIER = iNoor.VeryCreativesTask;
				PRODUCT_NAME = "$(TARGET_NAME)";
				SWIFT_EMIT_LOC_STRINGS = YES;
				SWIFT_VERSION = 5.0;
				TARGETED_DEVICE_FAMILY = "1,2";
			};
			name = Release;
		};
		7CBE0B142808B5A00098B205 /* Debug */ = {
			isa = XCBuildConfiguration;
			baseConfigurationReference = B6EBEA2615F8C64503BDD3AB /* Pods-VeryCreativesTaskTests.debug.xcconfig */;
			buildSettings = {
				ALWAYS_EMBED_SWIFT_STANDARD_LIBRARIES = YES;
				BUNDLE_LOADER = "$(TEST_HOST)";
				CODE_SIGN_STYLE = Automatic;
				CURRENT_PROJECT_VERSION = 1;
				DEVELOPMENT_TEAM = NF6L68DRU6;
				GENERATE_INFOPLIST_FILE = YES;
				IPHONEOS_DEPLOYMENT_TARGET = 15.4;
				MARKETING_VERSION = 1.0;
				PRODUCT_BUNDLE_IDENTIFIER = iNoor.VeryCreativesTaskTests;
				PRODUCT_NAME = "$(TARGET_NAME)";
				SWIFT_EMIT_LOC_STRINGS = NO;
				SWIFT_VERSION = 5.0;
				TARGETED_DEVICE_FAMILY = "1,2";
				TEST_HOST = "$(BUILT_PRODUCTS_DIR)/VeryCreativesTask.app/VeryCreativesTask";
			};
			name = Debug;
		};
		7CBE0B152808B5A00098B205 /* Release */ = {
			isa = XCBuildConfiguration;
			baseConfigurationReference = 25F69F82ECDD91021FBD3919 /* Pods-VeryCreativesTaskTests.release.xcconfig */;
			buildSettings = {
				ALWAYS_EMBED_SWIFT_STANDARD_LIBRARIES = YES;
				BUNDLE_LOADER = "$(TEST_HOST)";
				CODE_SIGN_STYLE = Automatic;
				CURRENT_PROJECT_VERSION = 1;
				DEVELOPMENT_TEAM = NF6L68DRU6;
				GENERATE_INFOPLIST_FILE = YES;
				IPHONEOS_DEPLOYMENT_TARGET = 15.4;
				MARKETING_VERSION = 1.0;
				PRODUCT_BUNDLE_IDENTIFIER = iNoor.VeryCreativesTaskTests;
				PRODUCT_NAME = "$(TARGET_NAME)";
				SWIFT_EMIT_LOC_STRINGS = NO;
				SWIFT_VERSION = 5.0;
				TARGETED_DEVICE_FAMILY = "1,2";
				TEST_HOST = "$(BUILT_PRODUCTS_DIR)/VeryCreativesTask.app/VeryCreativesTask";
			};
			name = Release;
		};
		7CBE0B172808B5A00098B205 /* Debug */ = {
			isa = XCBuildConfiguration;
			baseConfigurationReference = E4349DFB2C0AD97A99386BDB /* Pods-VeryCreativesTask-VeryCreativesTaskUITests.debug.xcconfig */;
			buildSettings = {
				ALWAYS_EMBED_SWIFT_STANDARD_LIBRARIES = YES;
				CODE_SIGN_STYLE = Automatic;
				CURRENT_PROJECT_VERSION = 1;
				DEVELOPMENT_TEAM = NF6L68DRU6;
				GENERATE_INFOPLIST_FILE = YES;
				MARKETING_VERSION = 1.0;
				PRODUCT_BUNDLE_IDENTIFIER = iNoor.VeryCreativesTaskUITests;
				PRODUCT_NAME = "$(TARGET_NAME)";
				SWIFT_EMIT_LOC_STRINGS = NO;
				SWIFT_VERSION = 5.0;
				TARGETED_DEVICE_FAMILY = "1,2";
				TEST_TARGET_NAME = VeryCreativesTask;
			};
			name = Debug;
		};
		7CBE0B182808B5A00098B205 /* Release */ = {
			isa = XCBuildConfiguration;
			baseConfigurationReference = 3FD1C2B97E88DE250010DE36 /* Pods-VeryCreativesTask-VeryCreativesTaskUITests.release.xcconfig */;
			buildSettings = {
				ALWAYS_EMBED_SWIFT_STANDARD_LIBRARIES = YES;
				CODE_SIGN_STYLE = Automatic;
				CURRENT_PROJECT_VERSION = 1;
				DEVELOPMENT_TEAM = NF6L68DRU6;
				GENERATE_INFOPLIST_FILE = YES;
				MARKETING_VERSION = 1.0;
				PRODUCT_BUNDLE_IDENTIFIER = iNoor.VeryCreativesTaskUITests;
				PRODUCT_NAME = "$(TARGET_NAME)";
				SWIFT_EMIT_LOC_STRINGS = NO;
				SWIFT_VERSION = 5.0;
				TARGETED_DEVICE_FAMILY = "1,2";
				TEST_TARGET_NAME = VeryCreativesTask;
			};
			name = Release;
		};
/* End XCBuildConfiguration section */

/* Begin XCConfigurationList section */
		7CBE0AE12808B59E0098B205 /* Build configuration list for PBXProject "VeryCreativesTask" */ = {
			isa = XCConfigurationList;
			buildConfigurations = (
				7CBE0B0E2808B5A00098B205 /* Debug */,
				7CBE0B0F2808B5A00098B205 /* Release */,
			);
			defaultConfigurationIsVisible = 0;
			defaultConfigurationName = Release;
		};
		7CBE0B102808B5A00098B205 /* Build configuration list for PBXNativeTarget "VeryCreativesTask" */ = {
			isa = XCConfigurationList;
			buildConfigurations = (
				7CBE0B112808B5A00098B205 /* Debug */,
				7CBE0B122808B5A00098B205 /* Release */,
			);
			defaultConfigurationIsVisible = 0;
			defaultConfigurationName = Release;
		};
		7CBE0B132808B5A00098B205 /* Build configuration list for PBXNativeTarget "VeryCreativesTaskTests" */ = {
			isa = XCConfigurationList;
			buildConfigurations = (
				7CBE0B142808B5A00098B205 /* Debug */,
				7CBE0B152808B5A00098B205 /* Release */,
			);
			defaultConfigurationIsVisible = 0;
			defaultConfigurationName = Release;
		};
		7CBE0B162808B5A00098B205 /* Build configuration list for PBXNativeTarget "VeryCreativesTaskUITests" */ = {
			isa = XCConfigurationList;
			buildConfigurations = (
				7CBE0B172808B5A00098B205 /* Debug */,
				7CBE0B182808B5A00098B205 /* Release */,
			);
			defaultConfigurationIsVisible = 0;
			defaultConfigurationName = Release;
		};
/* End XCConfigurationList section */

/* Begin XCVersionGroup section */
		7CF1B7E82809E71800AE14AC /* Model.xcdatamodeld */ = {
			isa = XCVersionGroup;
			children = (
				7CF1B7E92809E71800AE14AC /* Model.xcdatamodel */,
			);
			currentVersion = 7CF1B7E92809E71800AE14AC /* Model.xcdatamodel */;
			path = Model.xcdatamodeld;
			sourceTree = "<group>";
			versionGroupType = wrapper.xcdatamodel;
		};
/* End XCVersionGroup section */
	};
	rootObject = 7CBE0ADE2808B59E0098B205 /* Project object */;
}
